// !$*UTF8*$!
{
	archiveVersion = 1;
	classes = {
	};
	objectVersion = 50;
	objects = {

/* Begin PBXBuildFile section */
		172508B523706B3A009BE473 /* AppDelegate.swift in Sources */ = {isa = PBXBuildFile; fileRef = 172508B423706B3A009BE473 /* AppDelegate.swift */; };
		172508B723706B3A009BE473 /* SceneDelegate.swift in Sources */ = {isa = PBXBuildFile; fileRef = 172508B623706B3A009BE473 /* SceneDelegate.swift */; };
		172508B923706B3A009BE473 /* ContentView.swift in Sources */ = {isa = PBXBuildFile; fileRef = 172508B823706B3A009BE473 /* ContentView.swift */; };
		172508BB23706B3D009BE473 /* Assets.xcassets in Resources */ = {isa = PBXBuildFile; fileRef = 172508BA23706B3D009BE473 /* Assets.xcassets */; };
		172508BE23706B3D009BE473 /* Preview Assets.xcassets in Resources */ = {isa = PBXBuildFile; fileRef = 172508BD23706B3D009BE473 /* Preview Assets.xcassets */; };
		172508C123706B3D009BE473 /* LaunchScreen.storyboard in Resources */ = {isa = PBXBuildFile; fileRef = 172508BF23706B3D009BE473 /* LaunchScreen.storyboard */; };
		172508C923706D10009BE473 /* Room.swift in Sources */ = {isa = PBXBuildFile; fileRef = 172508C823706D10009BE473 /* Room.swift */; };
		172508CB23707988009BE473 /* Rooms.xcassets in Resources */ = {isa = PBXBuildFile; fileRef = 172508CA23707988009BE473 /* Rooms.xcassets */; };
		172508CD23707EED009BE473 /* RoomDetail.swift in Sources */ = {isa = PBXBuildFile; fileRef = 172508CC23707EED009BE473 /* RoomDetail.swift */; };
		172508CF237082AC009BE473 /* RoomStore.swift in Sources */ = {isa = PBXBuildFile; fileRef = 172508CE237082AC009BE473 /* RoomStore.swift */; };
		172508D423708E7D009BE473 /* Localizable.strings in Resources */ = {isa = PBXBuildFile; fileRef = 172508D623708E7D009BE473 /* Localizable.strings */; };
		172508DF2370ADC0009BE473 /* Localizable.stringsdict in Resources */ = {isa = PBXBuildFile; fileRef = 172508E12370ADC0009BE473 /* Localizable.stringsdict */; };
		172508E42370CEF1009BE473 /* README.md in Resources */ = {isa = PBXBuildFile; fileRef = 172508E32370CEF1009BE473 /* README.md */; };
/* End PBXBuildFile section */

/* Begin PBXFileReference section */
		172508B123706B3A009BE473 /* FirstSwiftUIApp.app */ = {isa = PBXFileReference; explicitFileType = wrapper.application; includeInIndex = 0; path = FirstSwiftUIApp.app; sourceTree = BUILT_PRODUCTS_DIR; };
		172508B423706B3A009BE473 /* AppDelegate.swift */ = {isa = PBXFileReference; lastKnownFileType = sourcecode.swift; path = AppDelegate.swift; sourceTree = "<group>"; };
		172508B623706B3A009BE473 /* SceneDelegate.swift */ = {isa = PBXFileReference; lastKnownFileType = sourcecode.swift; path = SceneDelegate.swift; sourceTree = "<group>"; };
		172508B823706B3A009BE473 /* ContentView.swift */ = {isa = PBXFileReference; lastKnownFileType = sourcecode.swift; path = ContentView.swift; sourceTree = "<group>"; };
		172508BA23706B3D009BE473 /* Assets.xcassets */ = {isa = PBXFileReference; lastKnownFileType = folder.assetcatalog; path = Assets.xcassets; sourceTree = "<group>"; };
		172508BD23706B3D009BE473 /* Preview Assets.xcassets */ = {isa = PBXFileReference; lastKnownFileType = folder.assetcatalog; path = "Preview Assets.xcassets"; sourceTree = "<group>"; };
		172508C023706B3D009BE473 /* Base */ = {isa = PBXFileReference; lastKnownFileType = file.storyboard; name = Base; path = Base.lproj/LaunchScreen.storyboard; sourceTree = "<group>"; };
		172508C223706B3D009BE473 /* Info.plist */ = {isa = PBXFileReference; lastKnownFileType = text.plist.xml; path = Info.plist; sourceTree = "<group>"; };
		172508C823706D10009BE473 /* Room.swift */ = {isa = PBXFileReference; lastKnownFileType = sourcecode.swift; path = Room.swift; sourceTree = "<group>"; };
		172508CA23707988009BE473 /* Rooms.xcassets */ = {isa = PBXFileReference; lastKnownFileType = folder.assetcatalog; path = Rooms.xcassets; sourceTree = "<group>"; };
		172508CC23707EED009BE473 /* RoomDetail.swift */ = {isa = PBXFileReference; lastKnownFileType = sourcecode.swift; path = RoomDetail.swift; sourceTree = "<group>"; };
		172508CE237082AC009BE473 /* RoomStore.swift */ = {isa = PBXFileReference; lastKnownFileType = sourcecode.swift; path = RoomStore.swift; sourceTree = "<group>"; };
		172508D523708E7D009BE473 /* en */ = {isa = PBXFileReference; lastKnownFileType = text.plist.strings; name = en; path = en.lproj/Localizable.strings; sourceTree = "<group>"; };
		172508DA237092D7009BE473 /* de */ = {isa = PBXFileReference; lastKnownFileType = text.plist.strings; name = de; path = de.lproj/Localizable.strings; sourceTree = "<group>"; };
		172508E02370ADC0009BE473 /* en */ = {isa = PBXFileReference; lastKnownFileType = text.plist.stringsdict; name = en; path = en.lproj/Localizable.stringsdict; sourceTree = "<group>"; };
		172508E22370ADC4009BE473 /* de */ = {isa = PBXFileReference; lastKnownFileType = text.plist.stringsdict; name = de; path = de.lproj/Localizable.stringsdict; sourceTree = "<group>"; };
		172508E32370CEF1009BE473 /* README.md */ = {isa = PBXFileReference; lastKnownFileType = net.daringfireball.markdown; path = README.md; sourceTree = "<group>"; };
/* End PBXFileReference section */

/* Begin PBXFrameworksBuildPhase section */
		172508AE23706B3A009BE473 /* Frameworks */ = {
			isa = PBXFrameworksBuildPhase;
			buildActionMask = 2147483647;
			files = (
			);
			runOnlyForDeploymentPostprocessing = 0;
		};
/* End PBXFrameworksBuildPhase section */

/* Begin PBXGroup section */
		172508A823706B3A009BE473 = {
			isa = PBXGroup;
			children = (
				172508E32370CEF1009BE473 /* README.md */,
				172508B323706B3A009BE473 /* FirstSwiftUIApp */,
				172508B223706B3A009BE473 /* Products */,
			);
			sourceTree = "<group>";
		};
		172508B223706B3A009BE473 /* Products */ = {
			isa = PBXGroup;
			children = (
				172508B123706B3A009BE473 /* FirstSwiftUIApp.app */,
			);
			name = Products;
			sourceTree = "<group>";
		};
		172508B323706B3A009BE473 /* FirstSwiftUIApp */ = {
			isa = PBXGroup;
			children = (
				172508B423706B3A009BE473 /* AppDelegate.swift */,
				172508B623706B3A009BE473 /* SceneDelegate.swift */,
				172508B823706B3A009BE473 /* ContentView.swift */,
				172508CC23707EED009BE473 /* RoomDetail.swift */,
				172508C823706D10009BE473 /* Room.swift */,
				172508CE237082AC009BE473 /* RoomStore.swift */,
				172508D623708E7D009BE473 /* Localizable.strings */,
				172508E12370ADC0009BE473 /* Localizable.stringsdict */,
				172508BA23706B3D009BE473 /* Assets.xcassets */,
				172508CA23707988009BE473 /* Rooms.xcassets */,
				172508BF23706B3D009BE473 /* LaunchScreen.storyboard */,
				172508C223706B3D009BE473 /* Info.plist */,
				172508BC23706B3D009BE473 /* Preview Content */,
			);
			path = FirstSwiftUIApp;
			sourceTree = "<group>";
		};
		172508BC23706B3D009BE473 /* Preview Content */ = {
			isa = PBXGroup;
			children = (
				172508BD23706B3D009BE473 /* Preview Assets.xcassets */,
			);
			path = "Preview Content";
			sourceTree = "<group>";
		};
/* End PBXGroup section */

/* Begin PBXNativeTarget section */
		172508B023706B3A009BE473 /* FirstSwiftUIApp */ = {
			isa = PBXNativeTarget;
			buildConfigurationList = 172508C523706B3D009BE473 /* Build configuration list for PBXNativeTarget "FirstSwiftUIApp" */;
			buildPhases = (
				172508AD23706B3A009BE473 /* Sources */,
				172508AE23706B3A009BE473 /* Frameworks */,
				172508AF23706B3A009BE473 /* Resources */,
			);
			buildRules = (
			);
			dependencies = (
			);
			name = FirstSwiftUIApp;
			productName = FirstSwiftUIApp;
			productReference = 172508B123706B3A009BE473 /* FirstSwiftUIApp.app */;
			productType = "com.apple.product-type.application";
		};
/* End PBXNativeTarget section */

/* Begin PBXProject section */
		172508A923706B3A009BE473 /* Project object */ = {
			isa = PBXProject;
			attributes = {
				LastSwiftUpdateCheck = 1120;
				LastUpgradeCheck = 1120;
				ORGANIZATIONNAME = Philipp;
				TargetAttributes = {
					172508B023706B3A009BE473 = {
						CreatedOnToolsVersion = 11.2;
					};
				};
			};
			buildConfigurationList = 172508AC23706B3A009BE473 /* Build configuration list for PBXProject "FirstSwiftUIApp" */;
			compatibilityVersion = "Xcode 9.3";
			developmentRegion = en;
			hasScannedForEncodings = 0;
			knownRegions = (
				en,
				Base,
				de,
			);
			mainGroup = 172508A823706B3A009BE473;
			productRefGroup = 172508B223706B3A009BE473 /* Products */;
			projectDirPath = "";
			projectRoot = "";
			targets = (
				172508B023706B3A009BE473 /* FirstSwiftUIApp */,
			);
		};
/* End PBXProject section */

/* Begin PBXResourcesBuildPhase section */
		172508AF23706B3A009BE473 /* Resources */ = {
			isa = PBXResourcesBuildPhase;
			buildActionMask = 2147483647;
			files = (
				172508D423708E7D009BE473 /* Localizable.strings in Resources */,
				172508C123706B3D009BE473 /* LaunchScreen.storyboard in Resources */,
				172508BE23706B3D009BE473 /* Preview Assets.xcassets in Resources */,
				172508E42370CEF1009BE473 /* README.md in Resources */,
				172508CB23707988009BE473 /* Rooms.xcassets in Resources */,
				172508BB23706B3D009BE473 /* Assets.xcassets in Resources */,
				172508DF2370ADC0009BE473 /* Localizable.stringsdict in Resources */,
			);
			runOnlyForDeploymentPostprocessing = 0;
		};
/* End PBXResourcesBuildPhase section */

/* Begin PBXSourcesBuildPhase section */
		172508AD23706B3A009BE473 /* Sources */ = {
			isa = PBXSourcesBuildPhase;
			buildActionMask = 2147483647;
			files = (
				172508CD23707EED009BE473 /* RoomDetail.swift in Sources */,
				172508B523706B3A009BE473 /* AppDelegate.swift in Sources */,
				172508B723706B3A009BE473 /* SceneDelegate.swift in Sources */,
				172508C923706D10009BE473 /* Room.swift in Sources */,
				172508CF237082AC009BE473 /* RoomStore.swift in Sources */,
				172508B923706B3A009BE473 /* ContentView.swift in Sources */,
			);
			runOnlyForDeploymentPostprocessing = 0;
		};
/* End PBXSourcesBuildPhase section */

/* Begin PBXVariantGroup section */
		172508BF23706B3D009BE473 /* LaunchScreen.storyboard */ = {
			isa = PBXVariantGroup;
			children = (
				172508C023706B3D009BE473 /* Base */,
			);
			name = LaunchScreen.storyboard;
			sourceTree = "<group>";
		};
		172508D623708E7D009BE473 /* Localizable.strings */ = {
			isa = PBXVariantGroup;
			children = (
				172508D523708E7D009BE473 /* en */,
				172508DA237092D7009BE473 /* de */,
			);
			name = Localizable.strings;
			sourceTree = "<group>";
		};
		172508E12370ADC0009BE473 /* Localizable.stringsdict */ = {
			isa = PBXVariantGroup;
			children = (
				172508E02370ADC0009BE473 /* en */,
				172508E22370ADC4009BE473 /* de */,
			);
			name = Localizable.stringsdict;
			sourceTree = "<group>";
		};
/* End PBXVariantGroup section */

/* Begin XCBuildConfiguration section */
		172508C323706B3D009BE473 /* Debug */ = {
			isa = XCBuildConfiguration;
			buildSettings = {
				ALWAYS_SEARCH_USER_PATHS = NO;
				CLANG_ANALYZER_LOCALIZABILITY_NONLOCALIZED = YES;
				CLANG_ANALYZER_NONNULL = YES;
				CLANG_ANALYZER_NUMBER_OBJECT_CONVERSION = YES_AGGRESSIVE;
				CLANG_CXX_LANGUAGE_STANDARD = "gnu++14";
				CLANG_CXX_LIBRARY = "libc++";
				CLANG_ENABLE_MODULES = YES;
				CLANG_ENABLE_OBJC_ARC = YES;
				CLANG_ENABLE_OBJC_WEAK = YES;
				CLANG_WARN_BLOCK_CAPTURE_AUTORELEASING = YES;
				CLANG_WARN_BOOL_CONVERSION = YES;
				CLANG_WARN_COMMA = YES;
				CLANG_WARN_CONSTANT_CONVERSION = YES;
				CLANG_WARN_DEPRECATED_OBJC_IMPLEMENTATIONS = YES;
				CLANG_WARN_DIRECT_OBJC_ISA_USAGE = YES_ERROR;
				CLANG_WARN_DOCUMENTATION_COMMENTS = YES;
				CLANG_WARN_EMPTY_BODY = YES;
				CLANG_WARN_ENUM_CONVERSION = YES;
				CLANG_WARN_INFINITE_RECURSION = YES;
				CLANG_WARN_INT_CONVERSION = YES;
				CLANG_WARN_NON_LITERAL_NULL_CONVERSION = YES;
				CLANG_WARN_OBJC_IMPLICIT_RETAIN_SELF = YES;
				CLANG_WARN_OBJC_LITERAL_CONVERSION = YES;
				CLANG_WARN_OBJC_ROOT_CLASS = YES_ERROR;
				CLANG_WARN_RANGE_LOOP_ANALYSIS = YES;
				CLANG_WARN_STRICT_PROTOTYPES = YES;
				CLANG_WARN_SUSPICIOUS_MOVE = YES;
				CLANG_WARN_UNGUARDED_AVAILABILITY = YES_AGGRESSIVE;
				CLANG_WARN_UNREACHABLE_CODE = YES;
				CLANG_WARN__DUPLICATE_METHOD_MATCH = YES;
				COPY_PHASE_STRIP = NO;
				DEBUG_INFORMATION_FORMAT = dwarf;
				ENABLE_STRICT_OBJC_MSGSEND = YES;
				ENABLE_TESTABILITY = YES;
				GCC_C_LANGUAGE_STANDARD = gnu11;
				GCC_DYNAMIC_NO_PIC = NO;
				GCC_NO_COMMON_BLOCKS = YES;
				GCC_OPTIMIZATION_LEVEL = 0;
				GCC_PREPROCESSOR_DEFINITIONS = (
					"DEBUG=1",
					"$(inherited)",
				);
				GCC_WARN_64_TO_32_BIT_CONVERSION = YES;
				GCC_WARN_ABOUT_RETURN_TYPE = YES_ERROR;
				GCC_WARN_UNDECLARED_SELECTOR = YES;
				GCC_WARN_UNINITIALIZED_AUTOS = YES_AGGRESSIVE;
				GCC_WARN_UNUSED_FUNCTION = YES;
				GCC_WARN_UNUSED_VARIABLE = YES;
				IPHONEOS_DEPLOYMENT_TARGET = 13.2;
				MTL_ENABLE_DEBUG_INFO = INCLUDE_SOURCE;
				MTL_FAST_MATH = YES;
				ONLY_ACTIVE_ARCH = YES;
				SDKROOT = iphoneos;
				SWIFT_ACTIVE_COMPILATION_CONDITIONS = DEBUG;
				SWIFT_OPTIMIZATION_LEVEL = "-Onone";
			};
			name = Debug;
		};
		172508C423706B3D009BE473 /* Release */ = {
			isa = XCBuildConfiguration;
			buildSettings = {
				ALWAYS_SEARCH_USER_PATHS = NO;
				CLANG_ANALYZER_LOCALIZABILITY_NONLOCALIZED = YES;
				CLANG_ANALYZER_NONNULL = YES;
				CLANG_ANALYZER_NUMBER_OBJECT_CONVERSION = YES_AGGRESSIVE;
				CLANG_CXX_LANGUAGE_STANDARD = "gnu++14";
				CLANG_CXX_LIBRARY = "libc++";
				CLANG_ENABLE_MODULES = YES;
				CLANG_ENABLE_OBJC_ARC = YES;
				CLANG_ENABLE_OBJC_WEAK = YES;
				CLANG_WARN_BLOCK_CAPTURE_AUTORELEASING = YES;
				CLANG_WARN_BOOL_CONVERSION = YES;
				CLANG_WARN_COMMA = YES;
				CLANG_WARN_CONSTANT_CONVERSION = YES;
				CLANG_WARN_DEPRECATED_OBJC_IMPLEMENTATIONS = YES;
				CLANG_WARN_DIRECT_OBJC_ISA_USAGE = YES_ERROR;
				CLANG_WARN_DOCUMENTATION_COMMENTS = YES;
				CLANG_WARN_EMPTY_BODY = YES;
				CLANG_WARN_ENUM_CONVERSION = YES;
				CLANG_WARN_INFINITE_RECURSION = YES;
				CLANG_WARN_INT_CONVERSION = YES;
				CLANG_WARN_NON_LITERAL_NULL_CONVERSION = YES;
				CLANG_WARN_OBJC_IMPLICIT_RETAIN_SELF = YES;
				CLANG_WARN_OBJC_LITERAL_CONVERSION = YES;
				CLANG_WARN_OBJC_ROOT_CLASS = YES_ERROR;
				CLANG_WARN_RANGE_LOOP_ANALYSIS = YES;
				CLANG_WARN_STRICT_PROTOTYPES = YES;
				CLANG_WARN_SUSPICIOUS_MOVE = YES;
				CLANG_WARN_UNGUARDED_AVAILABILITY = YES_AGGRESSIVE;
				CLANG_WARN_UNREACHABLE_CODE = YES;
				CLANG_WARN__DUPLICATE_METHOD_MATCH = YES;
				COPY_PHASE_STRIP = NO;
				DEBUG_INFORMATION_FORMAT = "dwarf-with-dsym";
				ENABLE_NS_ASSERTIONS = NO;
				ENABLE_STRICT_OBJC_MSGSEND = YES;
				GCC_C_LANGUAGE_STANDARD = gnu11;
				GCC_NO_COMMON_BLOCKS = YES;
				GCC_WARN_64_TO_32_BIT_CONVERSION = YES;
				GCC_WARN_ABOUT_RETURN_TYPE = YES_ERROR;
				GCC_WARN_UNDECLARED_SELECTOR = YES;
				GCC_WARN_UNINITIALIZED_AUTOS = YES_AGGRESSIVE;
				GCC_WARN_UNUSED_FUNCTION = YES;
				GCC_WARN_UNUSED_VARIABLE = YES;
				IPHONEOS_DEPLOYMENT_TARGET = 13.2;
				MTL_ENABLE_DEBUG_INFO = NO;
				MTL_FAST_MATH = YES;
				SDKROOT = iphoneos;
				SWIFT_COMPILATION_MODE = wholemodule;
				SWIFT_OPTIMIZATION_LEVEL = "-O";
				VALIDATE_PRODUCT = YES;
			};
			name = Release;
		};
		172508C623706B3D009BE473 /* Debug */ = {
			isa = XCBuildConfiguration;
			buildSettings = {
				ASSETCATALOG_COMPILER_APPICON_NAME = AppIcon;
				CODE_SIGN_STYLE = Automatic;
				DEVELOPMENT_ASSET_PATHS = "\"FirstSwiftUIApp/Preview Content\"";
				DEVELOPMENT_TEAM = P8CC95REUG;
				ENABLE_PREVIEWS = YES;
				INFOPLIST_FILE = FirstSwiftUIApp/Info.plist;
				LD_RUNPATH_SEARCH_PATHS = (
					"$(inherited)",
					"@executable_path/Frameworks",
				);
				PRODUCT_BUNDLE_IDENTIFIER = com.yourcompany.FirstSwiftUIApp;
				PRODUCT_NAME = "$(TARGET_NAME)";
				SWIFT_VERSION = 5.0;
				TARGETED_DEVICE_FAMILY = "1,2";
			};
			name = Debug;
		};
		172508C723706B3D009BE473 /* Release */ = {
			isa = XCBuildConfiguration;
			buildSettings = {
				ASSETCATALOG_COMPILER_APPICON_NAME = AppIcon;
				CODE_SIGN_STYLE = Automatic;
				DEVELOPMENT_ASSET_PATHS = "\"FirstSwiftUIApp/Preview Content\"";
				DEVELOPMENT_TEAM = P8CC95REUG;
				ENABLE_PREVIEWS = YES;
				INFOPLIST_FILE = FirstSwiftUIApp/Info.plist;
				LD_RUNPATH_SEARCH_PATHS = (
					"$(inherited)",
					"@executable_path/Frameworks",
				);
				PRODUCT_BUNDLE_IDENTIFIER = com.yourcompany.FirstSwiftUIApp;
				PRODUCT_NAME = "$(TARGET_NAME)";
				SWIFT_VERSION = 5.0;
				TARGETED_DEVICE_FAMILY = "1,2";
			};
			name = Release;
		};
/* End XCBuildConfiguration section */

/* Begin XCConfigurationList section */
		172508AC23706B3A009BE473 /* Build configuration list for PBXProject "FirstSwiftUIApp" */ = {
			isa = XCConfigurationList;
			buildConfigurations = (
				172508C323706B3D009BE473 /* Debug */,
				172508C423706B3D009BE473 /* Release */,
			);
			defaultConfigurationIsVisible = 0;
			defaultConfigurationName = Release;
		};
		172508C523706B3D009BE473 /* Build configuration list for PBXNativeTarget "FirstSwiftUIApp" */ = {
			isa = XCConfigurationList;
			buildConfigurations = (
				172508C623706B3D009BE473 /* Debug */,
				172508C723706B3D009BE473 /* Release */,
			);
			defaultConfigurationIsVisible = 0;
			defaultConfigurationName = Release;
		};
/* End XCConfigurationList section */
	};
	rootObject = 172508A923706B3A009BE473 /* Project object */;
}
